
Microsoft Visual Studio Solution File, Format Version 12.00
# Visual Studio Version 17
VisualStudioVersion = 17.0.31903.59
MinimumVisualStudioVersion = 10.0.40219.1
Project("{9A19103F-16F7-4668-BE54-9A1E7A4F7556}") = "OpenWeatherAPI.Console", "OpenWeatherAPI.Console\OpenWeatherAPI.Console.csproj", "{61A0C618-975F-44AD-BF72-E6E5329F70BE}"
EndProject
Project("{9A19103F-16F7-4668-BE54-9A1E7A4F7556}") = "OpenWeatherAPI", "OpenWeatherAPI\OpenWeatherAPI.csproj", "{3317A3F4-2640-4DC1-866C-15CCA4FEA287}"
EndProject
Project("{2150E333-8FDC-42A3-9474-1A3956D46DE8}") = "Common", "Common", "{96CC608C-4701-4783-B302-5DF5A9C18256}"
EndProject
Project("{9A19103F-16F7-4668-BE54-9A1E7A4F7556}") = "OpenWeatherAPI.Domain", "Common\OpenWeatherAPI.Domain\OpenWeatherAPI.Domain.csproj", "{5E750D9B-027E-4234-8BCB-F63725FF5E58}"
EndProject
Project("{9A19103F-16F7-4668-BE54-9A1E7A4F7556}") = "OpenWeatherAPI.Domain.Base", "Common\OpenWeatherAPI.Domain.Base\OpenWeatherAPI.Domain.Base.csproj", "{218E2A87-AB57-4C8D-BF5C-DD26F44DAC5E}"
EndProject
Project("{2150E333-8FDC-42A3-9474-1A3956D46DE8}") = "Data", "Data", "{F6E9DA0B-E150-45A1-B777-80BFF51CB688}"
EndProject
Project("{9A19103F-16F7-4668-BE54-9A1E7A4F7556}") = "OpenWeatherAPI.DAL", "Data\OpenWeatherAPI.DAL\OpenWeatherAPI.DAL.csproj", "{457346EE-A861-41A1-9042-45930CA51147}"
EndProject
Project("{9A19103F-16F7-4668-BE54-9A1E7A4F7556}") = "OpenWeatherAPI.DAL.SqlServer", "Data\OpenWeatherAPI.DAL.SqlServer\OpenWeatherAPI.DAL.SqlServer.csproj", "{09170C4D-4CAF-4476-A1DE-A7CFE57028A8}"
EndProject
Project("{2150E333-8FDC-42A3-9474-1A3956D46DE8}") = "Services", "Services", "{C8967AD9-0A28-4DC7-9925-396C08D7B27D}"
EndProject
Project("{9A19103F-16F7-4668-BE54-9A1E7A4F7556}") = "OpenWeatherAPI.Interfaces", "Services\OpenWeatherAPI.Interfaces\OpenWeatherAPI.Interfaces.csproj", "{82569F43-5808-49D7-81A8-E395DA0B0A22}"
EndProject
Project("{9A19103F-16F7-4668-BE54-9A1E7A4F7556}") = "OpenWeatherAPI.Interfaces.Base", "Services\OpenWeatherAPI.Interfaces.Base\OpenWeatherAPI.Interfaces.Base.csproj", "{61F8AE99-28E6-4012-ACD8-B51DE025A20C}"
EndProject
Project("{9A19103F-16F7-4668-BE54-9A1E7A4F7556}") = "OpenWeatherAPI.WebAPIClients", "Services\OpenWeatherAPI.WebAPIClients\OpenWeatherAPI.WebAPIClients.csproj", "{46D37C91-AC7B-40BB-8605-881D21229CF0}"
EndProject
Project("{2150E333-8FDC-42A3-9474-1A3956D46DE8}") = "UI", "UI", "{DF4DA3DD-8264-4077-8163-A4A1F9210286}"
EndProject
Project("{9A19103F-16F7-4668-BE54-9A1E7A4F7556}") = "OpenWeatherAPI.WPF", "UI\OpenWeatherAPI.WPF\OpenWeatherAPI.WPF.csproj", "{533C370F-DF36-4020-943A-6603E8CC59AE}"
EndProject
Project("{9A19103F-16F7-4668-BE54-9A1E7A4F7556}") = "OpenWeatherAPI.ConsoleUI", "UI\OpenWeatherAPI.Console\OpenWeatherAPI.ConsoleUI.csproj", "{B86C56E9-F3E6-41AE-9E9D-63B2E23CCB67}"
EndProject
Project("{FAE04EC0-301F-11D3-BF4B-00C04F79EFBC}") = "OpenWeatherAPI.WebAPI", "Services\OpenWeatherAPI.WebAPI\OpenWeatherAPI.WebAPI.csproj", "{26D7A297-EB6B-4231-9241-0ABD49C98895}"
EndProject
Global
	GlobalSection(SolutionConfigurationPlatforms) = preSolution
		Debug|Any CPU = Debug|Any CPU
		Release|Any CPU = Release|Any CPU
	EndGlobalSection
	GlobalSection(ProjectConfigurationPlatforms) = postSolution
		{61A0C618-975F-44AD-BF72-E6E5329F70BE}.Debug|Any CPU.ActiveCfg = Debug|Any CPU
		{61A0C618-975F-44AD-BF72-E6E5329F70BE}.Debug|Any CPU.Build.0 = Debug|Any CPU
		{61A0C618-975F-44AD-BF72-E6E5329F70BE}.Release|Any CPU.ActiveCfg = Release|Any CPU
		{61A0C618-975F-44AD-BF72-E6E5329F70BE}.Release|Any CPU.Build.0 = Release|Any CPU
		{3317A3F4-2640-4DC1-866C-15CCA4FEA287}.Debug|Any CPU.ActiveCfg = Debug|Any CPU
		{3317A3F4-2640-4DC1-866C-15CCA4FEA287}.Debug|Any CPU.Build.0 = Debug|Any CPU
		{3317A3F4-2640-4DC1-866C-15CCA4FEA287}.Release|Any CPU.ActiveCfg = Release|Any CPU
		{3317A3F4-2640-4DC1-866C-15CCA4FEA287}.Release|Any CPU.Build.0 = Release|Any CPU
		{5E750D9B-027E-4234-8BCB-F63725FF5E58}.Debug|Any CPU.ActiveCfg = Debug|Any CPU
		{5E750D9B-027E-4234-8BCB-F63725FF5E58}.Debug|Any CPU.Build.0 = Debug|Any CPU
		{5E750D9B-027E-4234-8BCB-F63725FF5E58}.Release|Any CPU.ActiveCfg = Release|Any CPU
		{5E750D9B-027E-4234-8BCB-F63725FF5E58}.Release|Any CPU.Build.0 = Release|Any CPU
		{218E2A87-AB57-4C8D-BF5C-DD26F44DAC5E}.Debug|Any CPU.ActiveCfg = Debug|Any CPU
		{218E2A87-AB57-4C8D-BF5C-DD26F44DAC5E}.Debug|Any CPU.Build.0 = Debug|Any CPU
		{218E2A87-AB57-4C8D-BF5C-DD26F44DAC5E}.Release|Any CPU.ActiveCfg = Release|Any CPU
		{218E2A87-AB57-4C8D-BF5C-DD26F44DAC5E}.Release|Any CPU.Build.0 = Release|Any CPU
		{457346EE-A861-41A1-9042-45930CA51147}.Debug|Any CPU.ActiveCfg = Debug|Any CPU
		{457346EE-A861-41A1-9042-45930CA51147}.Debug|Any CPU.Build.0 = Debug|Any CPU
		{457346EE-A861-41A1-9042-45930CA51147}.Release|Any CPU.ActiveCfg = Release|Any CPU
		{457346EE-A861-41A1-9042-45930CA51147}.Release|Any CPU.Build.0 = Release|Any CPU
		{09170C4D-4CAF-4476-A1DE-A7CFE57028A8}.Debug|Any CPU.ActiveCfg = Debug|Any CPU
		{09170C4D-4CAF-4476-A1DE-A7CFE57028A8}.Debug|Any CPU.Build.0 = Debug|Any CPU
		{09170C4D-4CAF-4476-A1DE-A7CFE57028A8}.Release|Any CPU.ActiveCfg = Release|Any CPU
		{09170C4D-4CAF-4476-A1DE-A7CFE57028A8}.Release|Any CPU.Build.0 = Release|Any CPU
		{82569F43-5808-49D7-81A8-E395DA0B0A22}.Debug|Any CPU.ActiveCfg = Debug|Any CPU
		{82569F43-5808-49D7-81A8-E395DA0B0A22}.Debug|Any CPU.Build.0 = Debug|Any CPU
		{82569F43-5808-49D7-81A8-E395DA0B0A22}.Release|Any CPU.ActiveCfg = Release|Any CPU
		{82569F43-5808-49D7-81A8-E395DA0B0A22}.Release|Any CPU.Build.0 = Release|Any CPU
		{61F8AE99-28E6-4012-ACD8-B51DE025A20C}.Debug|Any CPU.ActiveCfg = Debug|Any CPU
		{61F8AE99-28E6-4012-ACD8-B51DE025A20C}.Debug|Any CPU.Build.0 = Debug|Any CPU
		{61F8AE99-28E6-4012-ACD8-B51DE025A20C}.Release|Any CPU.ActiveCfg = Release|Any CPU
		{61F8AE99-28E6-4012-ACD8-B51DE025A20C}.Release|Any CPU.Build.0 = Release|Any CPU
		{46D37C91-AC7B-40BB-8605-881D21229CF0}.Debug|Any CPU.ActiveCfg = Debug|Any CPU
		{46D37C91-AC7B-40BB-8605-881D21229CF0}.Debug|Any CPU.Build.0 = Debug|Any CPU
		{46D37C91-AC7B-40BB-8605-881D21229CF0}.Release|Any CPU.ActiveCfg = Release|Any CPU
		{46D37C91-AC7B-40BB-8605-881D21229CF0}.Release|Any CPU.Build.0 = Release|Any CPU
		{533C370F-DF36-4020-943A-6603E8CC59AE}.Debug|Any CPU.ActiveCfg = Debug|Any CPU
		{533C370F-DF36-4020-943A-6603E8CC59AE}.Debug|Any CPU.Build.0 = Debug|Any CPU
		{533C370F-DF36-4020-943A-6603E8CC59AE}.Release|Any CPU.ActiveCfg = Release|Any CPU
		{533C370F-DF36-4020-943A-6603E8CC59AE}.Release|Any CPU.Build.0 = Release|Any CPU
		{B86C56E9-F3E6-41AE-9E9D-63B2E23CCB67}.Debug|Any CPU.ActiveCfg = Debug|Any CPU
		{B86C56E9-F3E6-41AE-9E9D-63B2E23CCB67}.Debug|Any CPU.Build.0 = Debug|Any CPU
		{B86C56E9-F3E6-41AE-9E9D-63B2E23CCB67}.Release|Any CPU.ActiveCfg = Release|Any CPU
		{B86C56E9-F3E6-41AE-9E9D-63B2E23CCB67}.Release|Any CPU.Build.0 = Release|Any CPU
		{26D7A297-EB6B-4231-9241-0ABD49C98895}.Debug|Any CPU.ActiveCfg = Debug|Any CPU
		{26D7A297-EB6B-4231-9241-0ABD49C98895}.Debug|Any CPU.Build.0 = Debug|Any CPU
		{26D7A297-EB6B-4231-9241-0ABD49C98895}.Release|Any CPU.ActiveCfg = Release|Any CPU
		{26D7A297-EB6B-4231-9241-0ABD49C98895}.Release|Any CPU.Build.0 = Release|Any CPU
	EndGlobalSection
	GlobalSection(SolutionProperties) = preSolution
		HideSolutionNode = FALSE
	EndGlobalSection
	GlobalSection(NestedProjects) = preSolution
		{5E750D9B-027E-4234-8BCB-F63725FF5E58} = {96CC608C-4701-4783-B302-5DF5A9C18256}
		{218E2A87-AB57-4C8D-BF5C-DD26F44DAC5E} = {96CC608C-4701-4783-B302-5DF5A9C18256}
		{457346EE-A861-41A1-9042-45930CA51147} = {F6E9DA0B-E150-45A1-B777-80BFF51CB688}
		{09170C4D-4CAF-4476-A1DE-A7CFE57028A8} = {F6E9DA0B-E150-45A1-B777-80BFF51CB688}
		{82569F43-5808-49D7-81A8-E395DA0B0A22} = {C8967AD9-0A28-4DC7-9925-396C08D7B27D}
		{61F8AE99-28E6-4012-ACD8-B51DE025A20C} = {C8967AD9-0A28-4DC7-9925-396C08D7B27D}
		{46D37C91-AC7B-40BB-8605-881D21229CF0} = {C8967AD9-0A28-4DC7-9925-396C08D7B27D}
		{533C370F-DF36-4020-943A-6603E8CC59AE} = {DF4DA3DD-8264-4077-8163-A4A1F9210286}
		{B86C56E9-F3E6-41AE-9E9D-63B2E23CCB67} = {DF4DA3DD-8264-4077-8163-A4A1F9210286}
		{26D7A297-EB6B-4231-9241-0ABD49C98895} = {C8967AD9-0A28-4DC7-9925-396C08D7B27D}
	EndGlobalSection
	GlobalSection(ExtensibilityGlobals) = postSolution
		SolutionGuid = {CEA2827F-F031-4E2E-AB94-6623357AAFFF}
	EndGlobalSection
EndGlobal
